// !$*UTF8*$!
{
	archiveVersion = 1;
	classes = {
	};
	objectVersion = 46;
	objects = {

/* Begin PBXBuildFile section */
		0222693618D76FF000C74029 /* BRFirstVC.m in Sources */ = {isa = PBXBuildFile; fileRef = 0222693518D76FF000C74029 /* BRFirstVC.m */; };
		0222694718D7739B00C74029 /* RDContainer.mm in Sources */ = {isa = PBXBuildFile; fileRef = 0222693A18D7739B00C74029 /* RDContainer.mm */; };
		0222694818D7739B00C74029 /* RDMediaOverlaysSmilModel.mm in Sources */ = {isa = PBXBuildFile; fileRef = 0222693C18D7739B00C74029 /* RDMediaOverlaysSmilModel.mm */; };
		0222694918D7739B00C74029 /* RDNavigationElement.mm in Sources */ = {isa = PBXBuildFile; fileRef = 0222693E18D7739B00C74029 /* RDNavigationElement.mm */; };
		0222694A18D7739B00C74029 /* RDPackage.mm in Sources */ = {isa = PBXBuildFile; fileRef = 0222694018D7739B00C74029 /* RDPackage.mm */; };
		0222694B18D7739B00C74029 /* RDPackageResource.mm in Sources */ = {isa = PBXBuildFile; fileRef = 0222694218D7739B00C74029 /* RDPackageResource.mm */; };
		0222694C18D7739B00C74029 /* RDSmilData.mm in Sources */ = {isa = PBXBuildFile; fileRef = 0222694418D7739B00C74029 /* RDSmilData.mm */; };
		0222694D18D7739B00C74029 /* RDSpineItem.mm in Sources */ = {isa = PBXBuildFile; fileRef = 0222694618D7739B00C74029 /* RDSpineItem.mm */; };
		02A4E33D18D7593E00B28B64 /* Foundation.framework in Frameworks */ = {isa = PBXBuildFile; fileRef = 02A4E33C18D7593E00B28B64 /* Foundation.framework */; };
		02A4E33F18D7593E00B28B64 /* CoreGraphics.framework in Frameworks */ = {isa = PBXBuildFile; fileRef = 02A4E33E18D7593E00B28B64 /* CoreGraphics.framework */; };
		02A4E34118D7593E00B28B64 /* UIKit.framework in Frameworks */ = {isa = PBXBuildFile; fileRef = 02A4E34018D7593E00B28B64 /* UIKit.framework */; };
		02A4E34718D7593E00B28B64 /* InfoPlist.strings in Resources */ = {isa = PBXBuildFile; fileRef = 02A4E34518D7593E00B28B64 /* InfoPlist.strings */; };
		02A4E34918D7593E00B28B64 /* main.m in Sources */ = {isa = PBXBuildFile; fileRef = 02A4E34818D7593E00B28B64 /* main.m */; };
		02A4E34D18D7593E00B28B64 /* BRAppDelegate.m in Sources */ = {isa = PBXBuildFile; fileRef = 02A4E34C18D7593E00B28B64 /* BRAppDelegate.m */; };
		02A4E34F18D7593E00B28B64 /* Images.xcassets in Resources */ = {isa = PBXBuildFile; fileRef = 02A4E34E18D7593E00B28B64 /* Images.xcassets */; };
		02A4E35618D7593F00B28B64 /* XCTest.framework in Frameworks */ = {isa = PBXBuildFile; fileRef = 02A4E35518D7593F00B28B64 /* XCTest.framework */; };
		02A4E35718D7593F00B28B64 /* Foundation.framework in Frameworks */ = {isa = PBXBuildFile; fileRef = 02A4E33C18D7593E00B28B64 /* Foundation.framework */; };
		02A4E35818D7593F00B28B64 /* UIKit.framework in Frameworks */ = {isa = PBXBuildFile; fileRef = 02A4E34018D7593E00B28B64 /* UIKit.framework */; };
		02A4E36018D7593F00B28B64 /* InfoPlist.strings in Resources */ = {isa = PBXBuildFile; fileRef = 02A4E35E18D7593F00B28B64 /* InfoPlist.strings */; };
		02A4E36218D7593F00B28B64 /* BooklEpicReaderTests.m in Sources */ = {isa = PBXBuildFile; fileRef = 02A4E36118D7593F00B28B64 /* BooklEpicReaderTests.m */; };
/* End PBXBuildFile section */

/* Begin PBXContainerItemProxy section */
		02A4E35918D7593F00B28B64 /* PBXContainerItemProxy */ = {
			isa = PBXContainerItemProxy;
			containerPortal = 02A4E33118D7593E00B28B64 /* Project object */;
			proxyType = 1;
			remoteGlobalIDString = 02A4E33818D7593E00B28B64;
			remoteInfo = BooklEpicReader;
		};
/* End PBXContainerItemProxy section */

/* Begin PBXFileReference section */
		0222693418D76FF000C74029 /* BRFirstVC.h */ = {isa = PBXFileReference; fileEncoding = 4; lastKnownFileType = sourcecode.c.h; path = BRFirstVC.h; sourceTree = "<group>"; };
		0222693518D76FF000C74029 /* BRFirstVC.m */ = {isa = PBXFileReference; fileEncoding = 4; lastKnownFileType = sourcecode.c.objc; path = BRFirstVC.m; sourceTree = "<group>"; };
		0222693918D7739B00C74029 /* RDContainer.h */ = {isa = PBXFileReference; fileEncoding = 4; lastKnownFileType = sourcecode.c.h; path = RDContainer.h; sourceTree = "<group>"; };
		0222693A18D7739B00C74029 /* RDContainer.mm */ = {isa = PBXFileReference; fileEncoding = 4; lastKnownFileType = sourcecode.cpp.objcpp; path = RDContainer.mm; sourceTree = "<group>"; };
		0222693B18D7739B00C74029 /* RDMediaOverlaysSmilModel.h */ = {isa = PBXFileReference; fileEncoding = 4; lastKnownFileType = sourcecode.c.h; path = RDMediaOverlaysSmilModel.h; sourceTree = "<group>"; };
		0222693C18D7739B00C74029 /* RDMediaOverlaysSmilModel.mm */ = {isa = PBXFileReference; fileEncoding = 4; lastKnownFileType = sourcecode.cpp.objcpp; path = RDMediaOverlaysSmilModel.mm; sourceTree = "<group>"; };
		0222693D18D7739B00C74029 /* RDNavigationElement.h */ = {isa = PBXFileReference; fileEncoding = 4; lastKnownFileType = sourcecode.c.h; path = RDNavigationElement.h; sourceTree = "<group>"; };
		0222693E18D7739B00C74029 /* RDNavigationElement.mm */ = {isa = PBXFileReference; fileEncoding = 4; lastKnownFileType = sourcecode.cpp.objcpp; path = RDNavigationElement.mm; sourceTree = "<group>"; };
		0222693F18D7739B00C74029 /* RDPackage.h */ = {isa = PBXFileReference; fileEncoding = 4; lastKnownFileType = sourcecode.c.h; path = RDPackage.h; sourceTree = "<group>"; };
		0222694018D7739B00C74029 /* RDPackage.mm */ = {isa = PBXFileReference; fileEncoding = 4; lastKnownFileType = sourcecode.cpp.objcpp; path = RDPackage.mm; sourceTree = "<group>"; };
		0222694118D7739B00C74029 /* RDPackageResource.h */ = {isa = PBXFileReference; fileEncoding = 4; lastKnownFileType = sourcecode.c.h; path = RDPackageResource.h; sourceTree = "<group>"; };
		0222694218D7739B00C74029 /* RDPackageResource.mm */ = {isa = PBXFileReference; fileEncoding = 4; lastKnownFileType = sourcecode.cpp.objcpp; path = RDPackageResource.mm; sourceTree = "<group>"; };
		0222694318D7739B00C74029 /* RDSmilData.h */ = {isa = PBXFileReference; fileEncoding = 4; lastKnownFileType = sourcecode.c.h; path = RDSmilData.h; sourceTree = "<group>"; };
		0222694418D7739B00C74029 /* RDSmilData.mm */ = {isa = PBXFileReference; fileEncoding = 4; lastKnownFileType = sourcecode.cpp.objcpp; path = RDSmilData.mm; sourceTree = "<group>"; };
		0222694518D7739B00C74029 /* RDSpineItem.h */ = {isa = PBXFileReference; fileEncoding = 4; lastKnownFileType = sourcecode.c.h; path = RDSpineItem.h; sourceTree = "<group>"; };
		0222694618D7739B00C74029 /* RDSpineItem.mm */ = {isa = PBXFileReference; fileEncoding = 4; lastKnownFileType = sourcecode.cpp.objcpp; path = RDSpineItem.mm; sourceTree = "<group>"; };
		02A4E33918D7593E00B28B64 /* BooklEpicReader.app */ = {isa = PBXFileReference; explicitFileType = wrapper.application; includeInIndex = 0; path = BooklEpicReader.app; sourceTree = BUILT_PRODUCTS_DIR; };
		02A4E33C18D7593E00B28B64 /* Foundation.framework */ = {isa = PBXFileReference; lastKnownFileType = wrapper.framework; name = Foundation.framework; path = System/Library/Frameworks/Foundation.framework; sourceTree = SDKROOT; };
		02A4E33E18D7593E00B28B64 /* CoreGraphics.framework */ = {isa = PBXFileReference; lastKnownFileType = wrapper.framework; name = CoreGraphics.framework; path = System/Library/Frameworks/CoreGraphics.framework; sourceTree = SDKROOT; };
		02A4E34018D7593E00B28B64 /* UIKit.framework */ = {isa = PBXFileReference; lastKnownFileType = wrapper.framework; name = UIKit.framework; path = System/Library/Frameworks/UIKit.framework; sourceTree = SDKROOT; };
		02A4E34418D7593E00B28B64 /* BooklEpicReader-Info.plist */ = {isa = PBXFileReference; lastKnownFileType = text.plist.xml; path = "BooklEpicReader-Info.plist"; sourceTree = "<group>"; };
		02A4E34618D7593E00B28B64 /* en */ = {isa = PBXFileReference; lastKnownFileType = text.plist.strings; name = en; path = en.lproj/InfoPlist.strings; sourceTree = "<group>"; };
		02A4E34818D7593E00B28B64 /* main.m */ = {isa = PBXFileReference; lastKnownFileType = sourcecode.c.objc; path = main.m; sourceTree = "<group>"; };
		02A4E34A18D7593E00B28B64 /* BooklEpicReader-Prefix.pch */ = {isa = PBXFileReference; lastKnownFileType = sourcecode.c.h; path = "BooklEpicReader-Prefix.pch"; sourceTree = "<group>"; };
		02A4E34B18D7593E00B28B64 /* BRAppDelegate.h */ = {isa = PBXFileReference; lastKnownFileType = sourcecode.c.h; path = BRAppDelegate.h; sourceTree = "<group>"; };
		02A4E34C18D7593E00B28B64 /* BRAppDelegate.m */ = {isa = PBXFileReference; lastKnownFileType = sourcecode.c.objc; path = BRAppDelegate.m; sourceTree = "<group>"; };
		02A4E34E18D7593E00B28B64 /* Images.xcassets */ = {isa = PBXFileReference; lastKnownFileType = folder.assetcatalog; path = Images.xcassets; sourceTree = "<group>"; };
		02A4E35418D7593F00B28B64 /* BooklEpicReaderTests.xctest */ = {isa = PBXFileReference; explicitFileType = wrapper.cfbundle; includeInIndex = 0; path = BooklEpicReaderTests.xctest; sourceTree = BUILT_PRODUCTS_DIR; };
		02A4E35518D7593F00B28B64 /* XCTest.framework */ = {isa = PBXFileReference; lastKnownFileType = wrapper.framework; name = XCTest.framework; path = Library/Frameworks/XCTest.framework; sourceTree = DEVELOPER_DIR; };
		02A4E35D18D7593F00B28B64 /* BooklEpicReaderTests-Info.plist */ = {isa = PBXFileReference; lastKnownFileType = text.plist.xml; path = "BooklEpicReaderTests-Info.plist"; sourceTree = "<group>"; };
		02A4E35F18D7593F00B28B64 /* en */ = {isa = PBXFileReference; lastKnownFileType = text.plist.strings; name = en; path = en.lproj/InfoPlist.strings; sourceTree = "<group>"; };
		02A4E36118D7593F00B28B64 /* BooklEpicReaderTests.m */ = {isa = PBXFileReference; lastKnownFileType = sourcecode.c.objc; path = BooklEpicReaderTests.m; sourceTree = "<group>"; };
/* End PBXFileReference section */

/* Begin PBXFrameworksBuildPhase section */
		02A4E33618D7593E00B28B64 /* Frameworks */ = {
			isa = PBXFrameworksBuildPhase;
			buildActionMask = 2147483647;
			files = (
				02A4E33F18D7593E00B28B64 /* CoreGraphics.framework in Frameworks */,
				02A4E34118D7593E00B28B64 /* UIKit.framework in Frameworks */,
				02A4E33D18D7593E00B28B64 /* Foundation.framework in Frameworks */,
			);
			runOnlyForDeploymentPostprocessing = 0;
		};
		02A4E35118D7593F00B28B64 /* Frameworks */ = {
			isa = PBXFrameworksBuildPhase;
			buildActionMask = 2147483647;
			files = (
				02A4E35618D7593F00B28B64 /* XCTest.framework in Frameworks */,
				02A4E35818D7593F00B28B64 /* UIKit.framework in Frameworks */,
				02A4E35718D7593F00B28B64 /* Foundation.framework in Frameworks */,
			);
			runOnlyForDeploymentPostprocessing = 0;
		};
/* End PBXFrameworksBuildPhase section */

/* Begin PBXGroup section */
		0222693818D7738B00C74029 /* RDServices */ = {
			isa = PBXGroup;
			children = (
				0222693918D7739B00C74029 /* RDContainer.h */,
				0222693A18D7739B00C74029 /* RDContainer.mm */,
				0222693B18D7739B00C74029 /* RDMediaOverlaysSmilModel.h */,
				0222693C18D7739B00C74029 /* RDMediaOverlaysSmilModel.mm */,
				0222693D18D7739B00C74029 /* RDNavigationElement.h */,
				0222693E18D7739B00C74029 /* RDNavigationElement.mm */,
				0222693F18D7739B00C74029 /* RDPackage.h */,
				0222694018D7739B00C74029 /* RDPackage.mm */,
				0222694118D7739B00C74029 /* RDPackageResource.h */,
				0222694218D7739B00C74029 /* RDPackageResource.mm */,
				0222694318D7739B00C74029 /* RDSmilData.h */,
				0222694418D7739B00C74029 /* RDSmilData.mm */,
				0222694518D7739B00C74029 /* RDSpineItem.h */,
				0222694618D7739B00C74029 /* RDSpineItem.mm */,
			);
			name = RDServices;
			sourceTree = "<group>";
		};
		0222694E18D773D100C74029 /* External */ = {
			isa = PBXGroup;
			children = (
			);
			name = External;
			sourceTree = "<group>";
		};
		02A4E33018D7593E00B28B64 = {
			isa = PBXGroup;
			children = (
				02A4E34218D7593E00B28B64 /* BooklEpicReader */,
				02A4E35B18D7593F00B28B64 /* BooklEpicReaderTests */,
				02A4E33B18D7593E00B28B64 /* Frameworks */,
				02A4E33A18D7593E00B28B64 /* Products */,
			);
			sourceTree = "<group>";
		};
		02A4E33A18D7593E00B28B64 /* Products */ = {
			isa = PBXGroup;
			children = (
				02A4E33918D7593E00B28B64 /* BooklEpicReader.app */,
				02A4E35418D7593F00B28B64 /* BooklEpicReaderTests.xctest */,
			);
			name = Products;
			sourceTree = "<group>";
		};
		02A4E33B18D7593E00B28B64 /* Frameworks */ = {
			isa = PBXGroup;
			children = (
				02A4E33C18D7593E00B28B64 /* Foundation.framework */,
				02A4E33E18D7593E00B28B64 /* CoreGraphics.framework */,
				02A4E34018D7593E00B28B64 /* UIKit.framework */,
				02A4E35518D7593F00B28B64 /* XCTest.framework */,
			);
			name = Frameworks;
			sourceTree = "<group>";
		};
		02A4E34218D7593E00B28B64 /* BooklEpicReader */ = {
			isa = PBXGroup;
			children = (
				0222694E18D773D100C74029 /* External */,
				02A4E36E18D76F3D00B28B64 /* Classes */,
				02A4E34B18D7593E00B28B64 /* BRAppDelegate.h */,
				02A4E34C18D7593E00B28B64 /* BRAppDelegate.m */,
				02A4E34E18D7593E00B28B64 /* Images.xcassets */,
				02A4E34318D7593E00B28B64 /* Supporting Files */,
			);
			path = BooklEpicReader;
			sourceTree = "<group>";
		};
		02A4E34318D7593E00B28B64 /* Supporting Files */ = {
			isa = PBXGroup;
			children = (
				02A4E34418D7593E00B28B64 /* BooklEpicReader-Info.plist */,
				02A4E34518D7593E00B28B64 /* InfoPlist.strings */,
				02A4E34818D7593E00B28B64 /* main.m */,
				02A4E34A18D7593E00B28B64 /* BooklEpicReader-Prefix.pch */,
			);
			name = "Supporting Files";
			sourceTree = "<group>";
		};
		02A4E35B18D7593F00B28B64 /* BooklEpicReaderTests */ = {
			isa = PBXGroup;
			children = (
				02A4E36118D7593F00B28B64 /* BooklEpicReaderTests.m */,
				02A4E35C18D7593F00B28B64 /* Supporting Files */,
			);
			path = BooklEpicReaderTests;
			sourceTree = "<group>";
		};
		02A4E35C18D7593F00B28B64 /* Supporting Files */ = {
			isa = PBXGroup;
			children = (
				02A4E35D18D7593F00B28B64 /* BooklEpicReaderTests-Info.plist */,
				02A4E35E18D7593F00B28B64 /* InfoPlist.strings */,
			);
			name = "Supporting Files";
			sourceTree = "<group>";
		};
		02A4E36E18D76F3D00B28B64 /* Classes */ = {
			isa = PBXGroup;
			children = (
				0222693818D7738B00C74029 /* RDServices */,
				0222693418D76FF000C74029 /* BRFirstVC.h */,
				0222693518D76FF000C74029 /* BRFirstVC.m */,
			);
			name = Classes;
			sourceTree = "<group>";
		};
/* End PBXGroup section */

/* Begin PBXNativeTarget section */
		02A4E33818D7593E00B28B64 /* BooklEpicReader */ = {
			isa = PBXNativeTarget;
			buildConfigurationList = 02A4E36518D7593F00B28B64 /* Build configuration list for PBXNativeTarget "BooklEpicReader" */;
			buildPhases = (
				02A4E33518D7593E00B28B64 /* Sources */,
				02A4E33618D7593E00B28B64 /* Frameworks */,
				02A4E33718D7593E00B28B64 /* Resources */,
			);
			buildRules = (
			);
			dependencies = (
			);
			name = BooklEpicReader;
			productName = BooklEpicReader;
			productReference = 02A4E33918D7593E00B28B64 /* BooklEpicReader.app */;
			productType = "com.apple.product-type.application";
		};
		02A4E35318D7593F00B28B64 /* BooklEpicReaderTests */ = {
			isa = PBXNativeTarget;
			buildConfigurationList = 02A4E36818D7593F00B28B64 /* Build configuration list for PBXNativeTarget "BooklEpicReaderTests" */;
			buildPhases = (
				02A4E35018D7593F00B28B64 /* Sources */,
				02A4E35118D7593F00B28B64 /* Frameworks */,
				02A4E35218D7593F00B28B64 /* Resources */,
			);
			buildRules = (
			);
			dependencies = (
				02A4E35A18D7593F00B28B64 /* PBXTargetDependency */,
			);
			name = BooklEpicReaderTests;
			productName = BooklEpicReaderTests;
			productReference = 02A4E35418D7593F00B28B64 /* BooklEpicReaderTests.xctest */;
			productType = "com.apple.product-type.bundle.unit-test";
		};
/* End PBXNativeTarget section */

/* Begin PBXProject section */
		02A4E33118D7593E00B28B64 /* Project object */ = {
			isa = PBXProject;
			attributes = {
				CLASSPREFIX = BR;
				LastUpgradeCheck = 0500;
				ORGANIZATIONNAME = CAwesome;
				TargetAttributes = {
					02A4E35318D7593F00B28B64 = {
						TestTargetID = 02A4E33818D7593E00B28B64;
					};
				};
			};
			buildConfigurationList = 02A4E33418D7593E00B28B64 /* Build configuration list for PBXProject "BooklEpicReader" */;
			compatibilityVersion = "Xcode 3.2";
			developmentRegion = English;
			hasScannedForEncodings = 0;
			knownRegions = (
				en,
			);
			mainGroup = 02A4E33018D7593E00B28B64;
			productRefGroup = 02A4E33A18D7593E00B28B64 /* Products */;
			projectDirPath = "";
			projectRoot = "";
			targets = (
				02A4E33818D7593E00B28B64 /* BooklEpicReader */,
				02A4E35318D7593F00B28B64 /* BooklEpicReaderTests */,
			);
		};
/* End PBXProject section */

/* Begin PBXResourcesBuildPhase section */
		02A4E33718D7593E00B28B64 /* Resources */ = {
			isa = PBXResourcesBuildPhase;
			buildActionMask = 2147483647;
			files = (
				02A4E34718D7593E00B28B64 /* InfoPlist.strings in Resources */,
				02A4E34F18D7593E00B28B64 /* Images.xcassets in Resources */,
			);
			runOnlyForDeploymentPostprocessing = 0;
		};
		02A4E35218D7593F00B28B64 /* Resources */ = {
			isa = PBXResourcesBuildPhase;
			buildActionMask = 2147483647;
			files = (
				02A4E36018D7593F00B28B64 /* InfoPlist.strings in Resources */,
			);
			runOnlyForDeploymentPostprocessing = 0;
		};
/* End PBXResourcesBuildPhase section */

/* Begin PBXSourcesBuildPhase section */
		02A4E33518D7593E00B28B64 /* Sources */ = {
			isa = PBXSourcesBuildPhase;
			buildActionMask = 2147483647;
			files = (
				0222694918D7739B00C74029 /* RDNavigationElement.mm in Sources */,
				02A4E34D18D7593E00B28B64 /* BRAppDelegate.m in Sources */,
				0222694A18D7739B00C74029 /* RDPackage.mm in Sources */,
				0222693618D76FF000C74029 /* BRFirstVC.m in Sources */,
				02A4E34918D7593E00B28B64 /* main.m in Sources */,
				0222694818D7739B00C74029 /* RDMediaOverlaysSmilModel.mm in Sources */,
				0222694D18D7739B00C74029 /* RDSpineItem.mm in Sources */,
				0222694B18D7739B00C74029 /* RDPackageResource.mm in Sources */,
				0222694718D7739B00C74029 /* RDContainer.mm in Sources */,
				0222694C18D7739B00C74029 /* RDSmilData.mm in Sources */,
			);
			runOnlyForDeploymentPostprocessing = 0;
		};
		02A4E35018D7593F00B28B64 /* Sources */ = {
			isa = PBXSourcesBuildPhase;
			buildActionMask = 2147483647;
			files = (
				02A4E36218D7593F00B28B64 /* BooklEpicReaderTests.m in Sources */,
			);
			runOnlyForDeploymentPostprocessing = 0;
		};
/* End PBXSourcesBuildPhase section */

/* Begin PBXTargetDependency section */
		02A4E35A18D7593F00B28B64 /* PBXTargetDependency */ = {
			isa = PBXTargetDependency;
			target = 02A4E33818D7593E00B28B64 /* BooklEpicReader */;
			targetProxy = 02A4E35918D7593F00B28B64 /* PBXContainerItemProxy */;
		};
/* End PBXTargetDependency section */

/* Begin PBXVariantGroup section */
		02A4E34518D7593E00B28B64 /* InfoPlist.strings */ = {
			isa = PBXVariantGroup;
			children = (
				02A4E34618D7593E00B28B64 /* en */,
			);
			name = InfoPlist.strings;
			sourceTree = "<group>";
		};
		02A4E35E18D7593F00B28B64 /* InfoPlist.strings */ = {
			isa = PBXVariantGroup;
			children = (
				02A4E35F18D7593F00B28B64 /* en */,
			);
			name = InfoPlist.strings;
			sourceTree = "<group>";
		};
/* End PBXVariantGroup section */

/* Begin XCBuildConfiguration section */
		02A4E36318D7593F00B28B64 /* Debug */ = {
			isa = XCBuildConfiguration;
			buildSettings = {
				ALWAYS_SEARCH_USER_PATHS = NO;
				ARCHS = "$(ARCHS_STANDARD_INCLUDING_64_BIT)";
				CLANG_CXX_LANGUAGE_STANDARD = "gnu++0x";
				CLANG_CXX_LIBRARY = "libc++";
				CLANG_ENABLE_MODULES = YES;
				CLANG_ENABLE_OBJC_ARC = YES;
				CLANG_WARN_BOOL_CONVERSION = YES;
				CLANG_WARN_CONSTANT_CONVERSION = YES;
				CLANG_WARN_DIRECT_OBJC_ISA_USAGE = YES_ERROR;
				CLANG_WARN_EMPTY_BODY = YES;
				CLANG_WARN_ENUM_CONVERSION = YES;
				CLANG_WARN_INT_CONVERSION = YES;
				CLANG_WARN_OBJC_ROOT_CLASS = YES_ERROR;
				CLANG_WARN__DUPLICATE_METHOD_MATCH = YES;
				"CODE_SIGN_IDENTITY[sdk=iphoneos*]" = "iPhone Developer";
				COPY_PHASE_STRIP = NO;
				GCC_C_LANGUAGE_STANDARD = gnu99;
				GCC_DYNAMIC_NO_PIC = NO;
				GCC_OPTIMIZATION_LEVEL = 0;
				GCC_PREPROCESSOR_DEFINITIONS = (
					"DEBUG=1",
					"$(inherited)",
				);
				GCC_SYMBOLS_PRIVATE_EXTERN = NO;
				GCC_WARN_64_TO_32_BIT_CONVERSION = YES;
				GCC_WARN_ABOUT_RETURN_TYPE = YES_ERROR;
				GCC_WARN_UNDECLARED_SELECTOR = YES;
				GCC_WARN_UNINITIALIZED_AUTOS = YES;
				GCC_WARN_UNUSED_FUNCTION = YES;
				GCC_WARN_UNUSED_VARIABLE = YES;
				IPHONEOS_DEPLOYMENT_TARGET = 7.0;
				ONLY_ACTIVE_ARCH = YES;
				SDKROOT = iphoneos;
				TARGETED_DEVICE_FAMILY = "1,2";
			};
			name = Debug;
		};
		02A4E36418D7593F00B28B64 /* Release */ = {
			isa = XCBuildConfiguration;
			buildSettings = {
				ALWAYS_SEARCH_USER_PATHS = NO;
				ARCHS = "$(ARCHS_STANDARD_INCLUDING_64_BIT)";
				CLANG_CXX_LANGUAGE_STANDARD = "gnu++0x";
				CLANG_CXX_LIBRARY = "libc++";
				CLANG_ENABLE_MODULES = YES;
				CLANG_ENABLE_OBJC_ARC = YES;
				CLANG_WARN_BOOL_CONVERSION = YES;
				CLANG_WARN_CONSTANT_CONVERSION = YES;
				CLANG_WARN_DIRECT_OBJC_ISA_USAGE = YES_ERROR;
				CLANG_WARN_EMPTY_BODY = YES;
				CLANG_WARN_ENUM_CONVERSION = YES;
				CLANG_WARN_INT_CONVERSION = YES;
				CLANG_WARN_OBJC_ROOT_CLASS = YES_ERROR;
				CLANG_WARN__DUPLICATE_METHOD_MATCH = YES;
				"CODE_SIGN_IDENTITY[sdk=iphoneos*]" = "iPhone Developer";
				COPY_PHASE_STRIP = YES;
				ENABLE_NS_ASSERTIONS = NO;
				GCC_C_LANGUAGE_STANDARD = gnu99;
				GCC_WARN_64_TO_32_BIT_CONVERSION = YES;
				GCC_WARN_ABOUT_RETURN_TYPE = YES_ERROR;
				GCC_WARN_UNDECLARED_SELECTOR = YES;
				GCC_WARN_UNINITIALIZED_AUTOS = YES;
				GCC_WARN_UNUSED_FUNCTION = YES;
				GCC_WARN_UNUSED_VARIABLE = YES;
				IPHONEOS_DEPLOYMENT_TARGET = 7.0;
				SDKROOT = iphoneos;
				TARGETED_DEVICE_FAMILY = "1,2";
				VALIDATE_PRODUCT = YES;
			};
			name = Release;
		};
		02A4E36618D7593F00B28B64 /* Debug */ = {
			isa = XCBuildConfiguration;
			buildSettings = {
				ASSETCATALOG_COMPILER_APPICON_NAME = AppIcon;
				ASSETCATALOG_COMPILER_LAUNCHIMAGE_NAME = LaunchImage;
				GCC_PRECOMPILE_PREFIX_HEADER = YES;
				GCC_PREFIX_HEADER = "BooklEpicReader/BooklEpicReader-Prefix.pch";
				INFOPLIST_FILE = "BooklEpicReader/BooklEpicReader-Info.plist";
				PRODUCT_NAME = "$(TARGET_NAME)";
				WRAPPER_EXTENSION = app;
			};
			name = Debug;
		};
		02A4E36718D7593F00B28B64 /* Release */ = {
			isa = XCBuildConfiguration;
			buildSettings = {
				ASSETCATALOG_COMPILER_APPICON_NAME = AppIcon;
				ASSETCATALOG_COMPILER_LAUNCHIMAGE_NAME = LaunchImage;
				GCC_PRECOMPILE_PREFIX_HEADER = YES;
				GCC_PREFIX_HEADER = "BooklEpicReader/BooklEpicReader-Prefix.pch";
				INFOPLIST_FILE = "BooklEpicReader/BooklEpicReader-Info.plist";
				PRODUCT_NAME = "$(TARGET_NAME)";
				WRAPPER_EXTENSION = app;
			};
			name = Release;
		};
		02A4E36918D7593F00B28B64 /* Debug */ = {
			isa = XCBuildConfiguration;
			buildSettings = {
				ARCHS = "$(ARCHS_STANDARD_INCLUDING_64_BIT)";
				BUNDLE_LOADER = "$(BUILT_PRODUCTS_DIR)/BooklEpicReader.app/BooklEpicReader";
				FRAMEWORK_SEARCH_PATHS = (
					"$(SDKROOT)/Developer/Library/Frameworks",
					"$(inherited)",
					"$(DEVELOPER_FRAMEWORKS_DIR)",
				);
				GCC_PRECOMPILE_PREFIX_HEADER = YES;
				GCC_PREFIX_HEADER = "BooklEpicReader/BooklEpicReader-Prefix.pch";
				GCC_PREPROCESSOR_DEFINITIONS = (
					"DEBUG=1",
					"$(inherited)",
				);
				INFOPLIST_FILE = "BooklEpicReaderTests/BooklEpicReaderTests-Info.plist";
				PRODUCT_NAME = "$(TARGET_NAME)";
				TEST_HOST = "$(BUNDLE_LOADER)";
				WRAPPER_EXTENSION = xctest;
			};
			name = Debug;
		};
		02A4E36A18D7593F00B28B64 /* Release */ = {
			isa = XCBuildConfiguration;
			buildSettings = {
				ARCHS = "$(ARCHS_STANDARD_INCLUDING_64_BIT)";
				BUNDLE_LOADER = "$(BUILT_PRODUCTS_DIR)/BooklEpicReader.app/BooklEpicReader";
				FRAMEWORK_SEARCH_PATHS = (
					"$(SDKROOT)/Developer/Library/Frameworks",
					"$(inherited)",
					"$(DEVELOPER_FRAMEWORKS_DIR)",
				);
				GCC_PRECOMPILE_PREFIX_HEADER = YES;
				GCC_PREFIX_HEADER = "BooklEpicReader/BooklEpicReader-Prefix.pch";
				INFOPLIST_FILE = "BooklEpicReaderTests/BooklEpicReaderTests-Info.plist";
				PRODUCT_NAME = "$(TARGET_NAME)";
				TEST_HOST = "$(BUNDLE_LOADER)";
				WRAPPER_EXTENSION = xctest;
			};
			name = Release;
		};
/* End XCBuildConfiguration section */

/* Begin XCConfigurationList section */
		02A4E33418D7593E00B28B64 /* Build configuration list for PBXProject "BooklEpicReader" */ = {
			isa = XCConfigurationList;
			buildConfigurations = (
				02A4E36318D7593F00B28B64 /* Debug */,
				02A4E36418D7593F00B28B64 /* Release */,
			);
			defaultConfigurationIsVisible = 0;
			defaultConfigurationName = Release;
		};
		02A4E36518D7593F00B28B64 /* Build configuration list for PBXNativeTarget "BooklEpicReader" */ = {
			isa = XCConfigurationList;
			buildConfigurations = (
				02A4E36618D7593F00B28B64 /* Debug */,
				02A4E36718D7593F00B28B64 /* Release */,
			);
			defaultConfigurationIsVisible = 0;
			defaultConfigurationName = Release;
		};
		02A4E36818D7593F00B28B64 /* Build configuration list for PBXNativeTarget "BooklEpicReaderTests" */ = {
			isa = XCConfigurationList;
			buildConfigurations = (
				02A4E36918D7593F00B28B64 /* Debug */,
				02A4E36A18D7593F00B28B64 /* Release */,
			);
			defaultConfigurationIsVisible = 0;
			defaultConfigurationName = Release;
		};
/* End XCConfigurationList section */
	};
	rootObject = 02A4E33118D7593E00B28B64 /* Project object */;
}
